// !$*UTF8*$!
{
	archiveVersion = 1;
	classes = {
	};
	objectVersion = 46;
	objects = {

/* Begin PBXBuildFile section */
		791529471F9A94A1000E973C /* StyleKit.swift in Sources */ = {isa = PBXBuildFile; fileRef = 791529461F9A94A1000E973C /* StyleKit.swift */; };
		7918C9FE1FAB63800046008F /* Defaultable.swift in Sources */ = {isa = PBXBuildFile; fileRef = 7918C9FD1FAB63800046008F /* Defaultable.swift */; };
		7919B7761F69E46A00B44A19 /* CornerRadiusButton.swift in Sources */ = {isa = PBXBuildFile; fileRef = 7919B7751F69E46A00B44A19 /* CornerRadiusButton.swift */; };
		7919B77C1F69EA0400B44A19 /* IntroductionController.swift in Sources */ = {isa = PBXBuildFile; fileRef = 7919B77B1F69EA0400B44A19 /* IntroductionController.swift */; };
		792148581F6C8BE6001D5C1F /* LoadingButtonLayer.swift in Sources */ = {isa = PBXBuildFile; fileRef = 792148571F6C8BE6001D5C1F /* LoadingButtonLayer.swift */; };
		792C77FF1F6D8BAB00E88F7E /* AudioPlayer.swift in Sources */ = {isa = PBXBuildFile; fileRef = 792C77FE1F6D8BAB00E88F7E /* AudioPlayer.swift */; };
		792C78011F6D9B9500E88F7E /* DefinitionController.swift in Sources */ = {isa = PBXBuildFile; fileRef = 792C78001F6D9B9500E88F7E /* DefinitionController.swift */; };
		792C78031F6DA50200E88F7E /* CrossfadeSegue.swift in Sources */ = {isa = PBXBuildFile; fileRef = 792C78021F6DA50200E88F7E /* CrossfadeSegue.swift */; };
		793153931F73243500207B7A /* NSAttributedString+HTML.swift in Sources */ = {isa = PBXBuildFile; fileRef = 793153921F73243500207B7A /* NSAttributedString+HTML.swift */; };
		7951CD081F6C8781009DF4CE /* OpenSans-Bold.ttf in Resources */ = {isa = PBXBuildFile; fileRef = 7951CD041F6C8781009DF4CE /* OpenSans-Bold.ttf */; };
		7951CD091F6C8781009DF4CE /* OpenSans-Italic.ttf in Resources */ = {isa = PBXBuildFile; fileRef = 7951CD051F6C8781009DF4CE /* OpenSans-Italic.ttf */; };
		7951CD0A1F6C8781009DF4CE /* OpenSans-Regular.ttf in Resources */ = {isa = PBXBuildFile; fileRef = 7951CD061F6C8781009DF4CE /* OpenSans-Regular.ttf */; };
		7951CD0B1F6C8781009DF4CE /* PlayfairDisplay-Regular.ttf in Resources */ = {isa = PBXBuildFile; fileRef = 7951CD071F6C8781009DF4CE /* PlayfairDisplay-Regular.ttf */; };
		7962D8F61F7690D200A7FF8D /* MediaPlayer.framework in Frameworks */ = {isa = PBXBuildFile; fileRef = 7962D8F51F7690D200A7FF8D /* MediaPlayer.framework */; };
		7962D8F81F7690E000A7FF8D /* AVFoundation.framework in Frameworks */ = {isa = PBXBuildFile; fileRef = 7962D8F71F7690E000A7FF8D /* AVFoundation.framework */; };
		7968661A1FA7CB580023C0C3 /* Ambience.framework in Frameworks */ = {isa = PBXBuildFile; fileRef = 7968661B1FA7CB580023C0C3 /* Ambience.framework */; };
		7968661D1FA7CB840023C0C3 /* Ambience.framework in Embed Frameworks */ = {isa = PBXBuildFile; fileRef = 7968661B1FA7CB580023C0C3 /* Ambience.framework */; settings = {ATTRIBUTES = (CodeSignOnCopy, RemoveHeadersOnCopy, ); }; };
		79705DF21F5DF4C40021606E /* AppDelegate.swift in Sources */ = {isa = PBXBuildFile; fileRef = 79705DF11F5DF4C40021606E /* AppDelegate.swift */; };
		79705DF41F5DF4C40021606E /* GameController.swift in Sources */ = {isa = PBXBuildFile; fileRef = 79705DF31F5DF4C40021606E /* GameController.swift */; };
		79705DF71F5DF4C40021606E /* Main.storyboard in Resources */ = {isa = PBXBuildFile; fileRef = 79705DF51F5DF4C40021606E /* Main.storyboard */; };
		79705DF91F5DF4C40021606E /* Assets.xcassets in Resources */ = {isa = PBXBuildFile; fileRef = 79705DF81F5DF4C40021606E /* Assets.xcassets */; };
		79705DFC1F5DF4C40021606E /* LaunchScreen.storyboard in Resources */ = {isa = PBXBuildFile; fileRef = 79705DFA1F5DF4C40021606E /* LaunchScreen.storyboard */; };
		79705E041F5E0F450021606E /* Word.swift in Sources */ = {isa = PBXBuildFile; fileRef = 79705E031F5E0F450021606E /* Word.swift */; };
		79705E061F5E16760021606E /* WordModel+XMLParserDelegate.swift in Sources */ = {isa = PBXBuildFile; fileRef = 79705E051F5E16760021606E /* WordModel+XMLParserDelegate.swift */; };
		797B14EC1F673CFF00720E29 /* UILabel+CharacterSpacing.swift in Sources */ = {isa = PBXBuildFile; fileRef = 797B14EB1F673CFF00720E29 /* UILabel+CharacterSpacing.swift */; };
		79B72C611F6AE4D80049AD22 /* Array<NSLayoutContraints>.swift in Sources */ = {isa = PBXBuildFile; fileRef = 79B72C601F6AE4D80049AD22 /* Array<NSLayoutContraints>.swift */; };
		79B8DDBE1F6D6D6300210128 /* WordModel.swift in Sources */ = {isa = PBXBuildFile; fileRef = 79B8DDBD1F6D6D6300210128 /* WordModel.swift */; };
		79B8DDC01F6D704E00210128 /* ProgressDelegate.swift in Sources */ = {isa = PBXBuildFile; fileRef = 79B8DDBF1F6D704E00210128 /* ProgressDelegate.swift */; };
		79C819981F6C2C37005110CE /* LoadingButton.swift in Sources */ = {isa = PBXBuildFile; fileRef = 79C819971F6C2C37005110CE /* LoadingButton.swift */; };
		79C8199A1F6C3C91005110CE /* WordModel+URLSessionDownloadDelegate.swift in Sources */ = {isa = PBXBuildFile; fileRef = 79C819991F6C3C91005110CE /* WordModel+URLSessionDownloadDelegate.swift */; };
		79CE67391F6DD9C700D17BD9 /* GameToDefinitionSegue.swift in Sources */ = {isa = PBXBuildFile; fileRef = 79CE67381F6DD9C700D17BD9 /* GameToDefinitionSegue.swift */; };
		79EB5EAB1F76ADF600327130 /* PlayButton.swift in Sources */ = {isa = PBXBuildFile; fileRef = 79EB5EAA1F76ADF600327130 /* PlayButton.swift */; };
		79EB5EAD1F76AE0200327130 /* PlayButtonLayer.swift in Sources */ = {isa = PBXBuildFile; fileRef = 79EB5EAC1F76AE0200327130 /* PlayButtonLayer.swift */; };
		79EB5EAF1F76AF6900327130 /* ResizingBehavior.swift in Sources */ = {isa = PBXBuildFile; fileRef = 79EB5EAE1F76AF6900327130 /* ResizingBehavior.swift */; };
/* End PBXBuildFile section */

/* Begin PBXCopyFilesBuildPhase section */
		796A57881F9B8FD20040DAEF /* Embed Frameworks */ = {
			isa = PBXCopyFilesBuildPhase;
			buildActionMask = 2147483647;
			dstPath = "";
			dstSubfolderSpec = 10;
			files = (
				7968661D1FA7CB840023C0C3 /* Ambience.framework in Embed Frameworks */,
			);
			name = "Embed Frameworks";
			runOnlyForDeploymentPostprocessing = 0;
		};
/* End PBXCopyFilesBuildPhase section */

/* Begin PBXFileReference section */
		791529461F9A94A1000E973C /* StyleKit.swift */ = {isa = PBXFileReference; lastKnownFileType = sourcecode.swift; path = StyleKit.swift; sourceTree = "<group>"; };
		7918C9FD1FAB63800046008F /* Defaultable.swift */ = {isa = PBXFileReference; lastKnownFileType = sourcecode.swift; path = Defaultable.swift; sourceTree = "<group>"; };
		7919B7751F69E46A00B44A19 /* CornerRadiusButton.swift */ = {isa = PBXFileReference; fileEncoding = 4; lastKnownFileType = sourcecode.swift; path = CornerRadiusButton.swift; sourceTree = "<group>"; };
		7919B77B1F69EA0400B44A19 /* IntroductionController.swift */ = {isa = PBXFileReference; fileEncoding = 4; lastKnownFileType = sourcecode.swift; path = IntroductionController.swift; sourceTree = "<group>"; };
		792148571F6C8BE6001D5C1F /* LoadingButtonLayer.swift */ = {isa = PBXFileReference; fileEncoding = 4; lastKnownFileType = sourcecode.swift; path = LoadingButtonLayer.swift; sourceTree = "<group>"; };
		792C77FE1F6D8BAB00E88F7E /* AudioPlayer.swift */ = {isa = PBXFileReference; lastKnownFileType = sourcecode.swift; path = AudioPlayer.swift; sourceTree = "<group>"; };
		792C78001F6D9B9500E88F7E /* DefinitionController.swift */ = {isa = PBXFileReference; lastKnownFileType = sourcecode.swift; path = DefinitionController.swift; sourceTree = "<group>"; };
		792C78021F6DA50200E88F7E /* CrossfadeSegue.swift */ = {isa = PBXFileReference; lastKnownFileType = sourcecode.swift; path = CrossfadeSegue.swift; sourceTree = "<group>"; };
		793153921F73243500207B7A /* NSAttributedString+HTML.swift */ = {isa = PBXFileReference; lastKnownFileType = sourcecode.swift; path = "NSAttributedString+HTML.swift"; sourceTree = "<group>"; };
		7951CD041F6C8781009DF4CE /* OpenSans-Bold.ttf */ = {isa = PBXFileReference; lastKnownFileType = file; name = "OpenSans-Bold.ttf"; path = "Fonts/OpenSans-Bold.ttf"; sourceTree = "<group>"; };
		7951CD051F6C8781009DF4CE /* OpenSans-Italic.ttf */ = {isa = PBXFileReference; lastKnownFileType = file; name = "OpenSans-Italic.ttf"; path = "Fonts/OpenSans-Italic.ttf"; sourceTree = "<group>"; };
		7951CD061F6C8781009DF4CE /* OpenSans-Regular.ttf */ = {isa = PBXFileReference; lastKnownFileType = file; name = "OpenSans-Regular.ttf"; path = "Fonts/OpenSans-Regular.ttf"; sourceTree = "<group>"; };
		7951CD071F6C8781009DF4CE /* PlayfairDisplay-Regular.ttf */ = {isa = PBXFileReference; lastKnownFileType = file; name = "PlayfairDisplay-Regular.ttf"; path = "Fonts/PlayfairDisplay-Regular.ttf"; sourceTree = "<group>"; };
		7962D8F51F7690D200A7FF8D /* MediaPlayer.framework */ = {isa = PBXFileReference; lastKnownFileType = wrapper.framework; name = MediaPlayer.framework; path = System/Library/Frameworks/MediaPlayer.framework; sourceTree = SDKROOT; };
		7962D8F71F7690E000A7FF8D /* AVFoundation.framework */ = {isa = PBXFileReference; lastKnownFileType = wrapper.framework; name = AVFoundation.framework; path = System/Library/Frameworks/AVFoundation.framework; sourceTree = SDKROOT; };
		7968661B1FA7CB580023C0C3 /* Ambience.framework */ = {isa = PBXFileReference; explicitFileType = wrapper.framework; path = Ambience.framework; sourceTree = BUILT_PRODUCTS_DIR; };
		79705DEE1F5DF4C40021606E /* Word of the day.app */ = {isa = PBXFileReference; explicitFileType = wrapper.application; includeInIndex = 0; path = "Word of the day.app"; sourceTree = BUILT_PRODUCTS_DIR; };
		79705DF11F5DF4C40021606E /* AppDelegate.swift */ = {isa = PBXFileReference; lastKnownFileType = sourcecode.swift; path = AppDelegate.swift; sourceTree = "<group>"; };
		79705DF31F5DF4C40021606E /* GameController.swift */ = {isa = PBXFileReference; lastKnownFileType = sourcecode.swift; path = GameController.swift; sourceTree = "<group>"; };
		79705DF61F5DF4C40021606E /* Base */ = {isa = PBXFileReference; lastKnownFileType = file.storyboard; name = Base; path = Base.lproj/Main.storyboard; sourceTree = "<group>"; };
		79705DF81F5DF4C40021606E /* Assets.xcassets */ = {isa = PBXFileReference; lastKnownFileType = folder.assetcatalog; path = Assets.xcassets; sourceTree = "<group>"; };
		79705DFB1F5DF4C40021606E /* Base */ = {isa = PBXFileReference; lastKnownFileType = file.storyboard; name = Base; path = Base.lproj/LaunchScreen.storyboard; sourceTree = "<group>"; };
		79705DFD1F5DF4C40021606E /* Info.plist */ = {isa = PBXFileReference; lastKnownFileType = text.plist.xml; path = Info.plist; sourceTree = "<group>"; };
		79705E031F5E0F450021606E /* Word.swift */ = {isa = PBXFileReference; fileEncoding = 4; lastKnownFileType = sourcecode.swift; path = Word.swift; sourceTree = "<group>"; };
		79705E051F5E16760021606E /* WordModel+XMLParserDelegate.swift */ = {isa = PBXFileReference; fileEncoding = 4; lastKnownFileType = sourcecode.swift; path = "WordModel+XMLParserDelegate.swift"; sourceTree = "<group>"; };
		797B14EB1F673CFF00720E29 /* UILabel+CharacterSpacing.swift */ = {isa = PBXFileReference; fileEncoding = 4; lastKnownFileType = sourcecode.swift; path = "UILabel+CharacterSpacing.swift"; sourceTree = "<group>"; };
		79B72C601F6AE4D80049AD22 /* Array<NSLayoutContraints>.swift */ = {isa = PBXFileReference; fileEncoding = 4; lastKnownFileType = sourcecode.swift; path = "Array<NSLayoutContraints>.swift"; sourceTree = "<group>"; };
		79B8DDBD1F6D6D6300210128 /* WordModel.swift */ = {isa = PBXFileReference; lastKnownFileType = sourcecode.swift; path = WordModel.swift; sourceTree = "<group>"; };
		79B8DDBF1F6D704E00210128 /* ProgressDelegate.swift */ = {isa = PBXFileReference; lastKnownFileType = sourcecode.swift; path = ProgressDelegate.swift; sourceTree = "<group>"; };
		79C819971F6C2C37005110CE /* LoadingButton.swift */ = {isa = PBXFileReference; fileEncoding = 4; lastKnownFileType = sourcecode.swift; path = LoadingButton.swift; sourceTree = "<group>"; };
		79C819991F6C3C91005110CE /* WordModel+URLSessionDownloadDelegate.swift */ = {isa = PBXFileReference; fileEncoding = 4; lastKnownFileType = sourcecode.swift; path = "WordModel+URLSessionDownloadDelegate.swift"; sourceTree = "<group>"; };
		79CE67381F6DD9C700D17BD9 /* GameToDefinitionSegue.swift */ = {isa = PBXFileReference; lastKnownFileType = sourcecode.swift; path = GameToDefinitionSegue.swift; sourceTree = "<group>"; };
		79EB5EAA1F76ADF600327130 /* PlayButton.swift */ = {isa = PBXFileReference; lastKnownFileType = sourcecode.swift; path = PlayButton.swift; sourceTree = "<group>"; };
		79EB5EAC1F76AE0200327130 /* PlayButtonLayer.swift */ = {isa = PBXFileReference; lastKnownFileType = sourcecode.swift; path = PlayButtonLayer.swift; sourceTree = "<group>"; };
		79EB5EAE1F76AF6900327130 /* ResizingBehavior.swift */ = {isa = PBXFileReference; lastKnownFileType = sourcecode.swift; path = ResizingBehavior.swift; sourceTree = "<group>"; };
/* End PBXFileReference section */

/* Begin PBXFrameworksBuildPhase section */
		79705DEB1F5DF4C40021606E /* Frameworks */ = {
			isa = PBXFrameworksBuildPhase;
			buildActionMask = 2147483647;
			files = (
				7968661A1FA7CB580023C0C3 /* Ambience.framework in Frameworks */,
				7962D8F81F7690E000A7FF8D /* AVFoundation.framework in Frameworks */,
				7962D8F61F7690D200A7FF8D /* MediaPlayer.framework in Frameworks */,
			);
			runOnlyForDeploymentPostprocessing = 0;
		};
/* End PBXFrameworksBuildPhase section */

/* Begin PBXGroup section */
		7919B77A1F69E91700B44A19 /* Fonts */ = {
			isa = PBXGroup;
			children = (
				7951CD041F6C8781009DF4CE /* OpenSans-Bold.ttf */,
				7951CD051F6C8781009DF4CE /* OpenSans-Italic.ttf */,
				7951CD061F6C8781009DF4CE /* OpenSans-Regular.ttf */,
				7951CD071F6C8781009DF4CE /* PlayfairDisplay-Regular.ttf */,
			);
			name = Fonts;
			path = "Word of the day";
			sourceTree = "<group>";
		};
		7962D8F41F7690D100A7FF8D /* Frameworks */ = {
			isa = PBXGroup;
			children = (
				7968661B1FA7CB580023C0C3 /* Ambience.framework */,
				7962D8F71F7690E000A7FF8D /* AVFoundation.framework */,
				7962D8F51F7690D200A7FF8D /* MediaPlayer.framework */,
			);
			name = Frameworks;
			sourceTree = "<group>";
		};
		79705DE51F5DF4C40021606E = {
			isa = PBXGroup;
			children = (
				79705DF01F5DF4C40021606E /* Word of the day */,
				79CE673A1F6DD9DB00D17BD9 /* Segues */,
				79CE67371F6DD76C00D17BD9 /* Views */,
				79CE67361F6DD73F00D17BD9 /* Controllers */,
				79CE67341F6DD6DE00D17BD9 /* Model */,
				79CE67351F6DD70E00D17BD9 /* Extensions */,
				7919B77A1F69E91700B44A19 /* Fonts */,
				79705DEF1F5DF4C40021606E /* Products */,
				7962D8F41F7690D100A7FF8D /* Frameworks */,
			);
			sourceTree = "<group>";
		};
		79705DEF1F5DF4C40021606E /* Products */ = {
			isa = PBXGroup;
			children = (
				79705DEE1F5DF4C40021606E /* Word of the day.app */,
			);
			name = Products;
			sourceTree = "<group>";
		};
		79705DF01F5DF4C40021606E /* Word of the day */ = {
			isa = PBXGroup;
			children = (
				79705DF11F5DF4C40021606E /* AppDelegate.swift */,
				791529461F9A94A1000E973C /* StyleKit.swift */,
				7918C9FD1FAB63800046008F /* Defaultable.swift */,
				792C77FE1F6D8BAB00E88F7E /* AudioPlayer.swift */,
				79705DF81F5DF4C40021606E /* Assets.xcassets */,
				79705DF51F5DF4C40021606E /* Main.storyboard */,
				79705DFA1F5DF4C40021606E /* LaunchScreen.storyboard */,
				79705DFD1F5DF4C40021606E /* Info.plist */,
			);
			path = "Word of the day";
			sourceTree = "<group>";
		};
		79CE67341F6DD6DE00D17BD9 /* Model */ = {
			isa = PBXGroup;
			children = (
				79705E031F5E0F450021606E /* Word.swift */,
				79B8DDBD1F6D6D6300210128 /* WordModel.swift */,
				79705E051F5E16760021606E /* WordModel+XMLParserDelegate.swift */,
				79C819991F6C3C91005110CE /* WordModel+URLSessionDownloadDelegate.swift */,
			);
			path = Model;
			sourceTree = "<group>";
		};
		79CE67351F6DD70E00D17BD9 /* Extensions */ = {
			isa = PBXGroup;
			children = (
				79EB5EAE1F76AF6900327130 /* ResizingBehavior.swift */,
				793153921F73243500207B7A /* NSAttributedString+HTML.swift */,
				797B14EB1F673CFF00720E29 /* UILabel+CharacterSpacing.swift */,
				79B72C601F6AE4D80049AD22 /* Array<NSLayoutContraints>.swift */,
			);
			path = Extensions;
			sourceTree = "<group>";
		};
		79CE67361F6DD73F00D17BD9 /* Controllers */ = {
			isa = PBXGroup;
			children = (
				7919B77B1F69EA0400B44A19 /* IntroductionController.swift */,
				79705DF31F5DF4C40021606E /* GameController.swift */,
				792C78001F6D9B9500E88F7E /* DefinitionController.swift */,
			);
			path = Controllers;
			sourceTree = "<group>";
		};
		79CE67371F6DD76C00D17BD9 /* Views */ = {
			isa = PBXGroup;
			children = (
				79B8DDBF1F6D704E00210128 /* ProgressDelegate.swift */,
				7919B7751F69E46A00B44A19 /* CornerRadiusButton.swift */,
				79C819971F6C2C37005110CE /* LoadingButton.swift */,
				792148571F6C8BE6001D5C1F /* LoadingButtonLayer.swift */,
				79EB5EAA1F76ADF600327130 /* PlayButton.swift */,
				79EB5EAC1F76AE0200327130 /* PlayButtonLayer.swift */,
			);
			name = Views;
			path = "Word of the day";
			sourceTree = "<group>";
		};
		79CE673A1F6DD9DB00D17BD9 /* Segues */ = {
			isa = PBXGroup;
			children = (
				792C78021F6DA50200E88F7E /* CrossfadeSegue.swift */,
				79CE67381F6DD9C700D17BD9 /* GameToDefinitionSegue.swift */,
			);
			path = Segues;
			sourceTree = "<group>";
		};
/* End PBXGroup section */

/* Begin PBXNativeTarget section */
		79705DED1F5DF4C40021606E /* Word of the day */ = {
			isa = PBXNativeTarget;
			buildConfigurationList = 79705E001F5DF4C40021606E /* Build configuration list for PBXNativeTarget "Word of the day" */;
			buildPhases = (
				79705DEA1F5DF4C40021606E /* Sources */,
				79705DEB1F5DF4C40021606E /* Frameworks */,
				79705DEC1F5DF4C40021606E /* Resources */,
				796A57881F9B8FD20040DAEF /* Embed Frameworks */,
			);
			buildRules = (
			);
			dependencies = (
			);
			name = "Word of the day";
			productName = "Word of the day";
			productReference = 79705DEE1F5DF4C40021606E /* Word of the day.app */;
			productType = "com.apple.product-type.application";
		};
/* End PBXNativeTarget section */

/* Begin PBXProject section */
		79705DE61F5DF4C40021606E /* Project object */ = {
			isa = PBXProject;
			attributes = {
				LastSwiftUpdateCheck = 0830;
				LastUpgradeCheck = 0900;
				ORGANIZATIONNAME = "Tiago Mergulhão";
				TargetAttributes = {
					79705DED1F5DF4C40021606E = {
						CreatedOnToolsVersion = 8.3.3;
						DevelopmentTeam = 6CSUU74W7V;
						LastSwiftMigration = 0900;
						ProvisioningStyle = Automatic;
						SystemCapabilities = {
							com.apple.BackgroundModes = {
								enabled = 1;
							};
						};
					};
				};
			};
			buildConfigurationList = 79705DE91F5DF4C40021606E /* Build configuration list for PBXProject "Word of the day" */;
			compatibilityVersion = "Xcode 3.2";
			developmentRegion = English;
			hasScannedForEncodings = 0;
			knownRegions = (
				en,
				Base,
			);
			mainGroup = 79705DE51F5DF4C40021606E;
			productRefGroup = 79705DEF1F5DF4C40021606E /* Products */;
			projectDirPath = "";
			projectRoot = "";
			targets = (
				79705DED1F5DF4C40021606E /* Word of the day */,
			);
		};
/* End PBXProject section */

/* Begin PBXResourcesBuildPhase section */
		79705DEC1F5DF4C40021606E /* Resources */ = {
			isa = PBXResourcesBuildPhase;
			buildActionMask = 2147483647;
			files = (
				79705DFC1F5DF4C40021606E /* LaunchScreen.storyboard in Resources */,
				7951CD0B1F6C8781009DF4CE /* PlayfairDisplay-Regular.ttf in Resources */,
				79705DF91F5DF4C40021606E /* Assets.xcassets in Resources */,
				7951CD081F6C8781009DF4CE /* OpenSans-Bold.ttf in Resources */,
				7951CD091F6C8781009DF4CE /* OpenSans-Italic.ttf in Resources */,
				7951CD0A1F6C8781009DF4CE /* OpenSans-Regular.ttf in Resources */,
				79705DF71F5DF4C40021606E /* Main.storyboard in Resources */,
			);
			runOnlyForDeploymentPostprocessing = 0;
		};
/* End PBXResourcesBuildPhase section */

/* Begin PBXSourcesBuildPhase section */
		79705DEA1F5DF4C40021606E /* Sources */ = {
			isa = PBXSourcesBuildPhase;
			buildActionMask = 2147483647;
			files = (
				79C819981F6C2C37005110CE /* LoadingButton.swift in Sources */,
				792148581F6C8BE6001D5C1F /* LoadingButtonLayer.swift in Sources */,
				792C78031F6DA50200E88F7E /* CrossfadeSegue.swift in Sources */,
				7919B7761F69E46A00B44A19 /* CornerRadiusButton.swift in Sources */,
				791529471F9A94A1000E973C /* StyleKit.swift in Sources */,
				7918C9FE1FAB63800046008F /* Defaultable.swift in Sources */,
				79CE67391F6DD9C700D17BD9 /* GameToDefinitionSegue.swift in Sources */,
				797B14EC1F673CFF00720E29 /* UILabel+CharacterSpacing.swift in Sources */,
				79705E061F5E16760021606E /* WordModel+XMLParserDelegate.swift in Sources */,
				79C8199A1F6C3C91005110CE /* WordModel+URLSessionDownloadDelegate.swift in Sources */,
				79EB5EAB1F76ADF600327130 /* PlayButton.swift in Sources */,
				79705DF41F5DF4C40021606E /* GameController.swift in Sources */,
				79EB5EAF1F76AF6900327130 /* ResizingBehavior.swift in Sources */,
				79B8DDBE1F6D6D6300210128 /* WordModel.swift in Sources */,
				79EB5EAD1F76AE0200327130 /* PlayButtonLayer.swift in Sources */,
				79705DF21F5DF4C40021606E /* AppDelegate.swift in Sources */,
				79705E041F5E0F450021606E /* Word.swift in Sources */,
				7919B77C1F69EA0400B44A19 /* IntroductionController.swift in Sources */,
				79B72C611F6AE4D80049AD22 /* Array<NSLayoutContraints>.swift in Sources */,
				792C78011F6D9B9500E88F7E /* DefinitionController.swift in Sources */,
				793153931F73243500207B7A /* NSAttributedString+HTML.swift in Sources */,
				79B8DDC01F6D704E00210128 /* ProgressDelegate.swift in Sources */,
				792C77FF1F6D8BAB00E88F7E /* AudioPlayer.swift in Sources */,
			);
			runOnlyForDeploymentPostprocessing = 0;
		};
/* End PBXSourcesBuildPhase section */

/* Begin PBXVariantGroup section */
		79705DF51F5DF4C40021606E /* Main.storyboard */ = {
			isa = PBXVariantGroup;
			children = (
				79705DF61F5DF4C40021606E /* Base */,
			);
			name = Main.storyboard;
			sourceTree = "<group>";
		};
		79705DFA1F5DF4C40021606E /* LaunchScreen.storyboard */ = {
			isa = PBXVariantGroup;
			children = (
				79705DFB1F5DF4C40021606E /* Base */,
			);
			name = LaunchScreen.storyboard;
			sourceTree = "<group>";
		};
/* End PBXVariantGroup section */

/* Begin XCBuildConfiguration section */
		79705DFE1F5DF4C40021606E /* Debug */ = {
			isa = XCBuildConfiguration;
			buildSettings = {
				ALWAYS_SEARCH_USER_PATHS = NO;
				CLANG_ANALYZER_NONNULL = YES;
				CLANG_ANALYZER_NUMBER_OBJECT_CONVERSION = YES_AGGRESSIVE;
				CLANG_CXX_LANGUAGE_STANDARD = "gnu++0x";
				CLANG_CXX_LIBRARY = "libc++";
				CLANG_ENABLE_MODULES = YES;
				CLANG_ENABLE_OBJC_ARC = YES;
				CLANG_WARN_BLOCK_CAPTURE_AUTORELEASING = YES;
				CLANG_WARN_BOOL_CONVERSION = YES;
				CLANG_WARN_COMMA = YES;
				CLANG_WARN_CONSTANT_CONVERSION = YES;
				CLANG_WARN_DIRECT_OBJC_ISA_USAGE = YES_ERROR;
				CLANG_WARN_DOCUMENTATION_COMMENTS = YES;
				CLANG_WARN_EMPTY_BODY = YES;
				CLANG_WARN_ENUM_CONVERSION = YES;
				CLANG_WARN_INFINITE_RECURSION = YES;
				CLANG_WARN_INT_CONVERSION = YES;
				CLANG_WARN_NON_LITERAL_NULL_CONVERSION = YES;
				CLANG_WARN_OBJC_LITERAL_CONVERSION = YES;
				CLANG_WARN_OBJC_ROOT_CLASS = YES_ERROR;
				CLANG_WARN_RANGE_LOOP_ANALYSIS = YES;
				CLANG_WARN_STRICT_PROTOTYPES = YES;
				CLANG_WARN_SUSPICIOUS_MOVE = YES;
				CLANG_WARN_UNREACHABLE_CODE = YES;
				CLANG_WARN__DUPLICATE_METHOD_MATCH = YES;
				"CODE_SIGN_IDENTITY[sdk=iphoneos*]" = "iPhone Developer";
				COPY_PHASE_STRIP = NO;
				DEBUG_INFORMATION_FORMAT = dwarf;
				ENABLE_STRICT_OBJC_MSGSEND = YES;
				ENABLE_TESTABILITY = YES;
				GCC_C_LANGUAGE_STANDARD = gnu99;
				GCC_DYNAMIC_NO_PIC = NO;
				GCC_NO_COMMON_BLOCKS = YES;
				GCC_OPTIMIZATION_LEVEL = 0;
				GCC_PREPROCESSOR_DEFINITIONS = (
					"DEBUG=1",
					"$(inherited)",
				);
				GCC_WARN_64_TO_32_BIT_CONVERSION = YES;
				GCC_WARN_ABOUT_RETURN_TYPE = YES_ERROR;
				GCC_WARN_UNDECLARED_SELECTOR = YES;
				GCC_WARN_UNINITIALIZED_AUTOS = YES_AGGRESSIVE;
				GCC_WARN_UNUSED_FUNCTION = YES;
				GCC_WARN_UNUSED_VARIABLE = YES;
				IPHONEOS_DEPLOYMENT_TARGET = 10.3;
				MTL_ENABLE_DEBUG_INFO = YES;
				ONLY_ACTIVE_ARCH = YES;
				SDKROOT = iphoneos;
				SWIFT_ACTIVE_COMPILATION_CONDITIONS = DEBUG;
				SWIFT_OPTIMIZATION_LEVEL = "-Onone";
			};
			name = Debug;
		};
		79705DFF1F5DF4C40021606E /* Release */ = {
			isa = XCBuildConfiguration;
			buildSettings = {
				ALWAYS_SEARCH_USER_PATHS = NO;
				CLANG_ANALYZER_NONNULL = YES;
				CLANG_ANALYZER_NUMBER_OBJECT_CONVERSION = YES_AGGRESSIVE;
				CLANG_CXX_LANGUAGE_STANDARD = "gnu++0x";
				CLANG_CXX_LIBRARY = "libc++";
				CLANG_ENABLE_MODULES = YES;
				CLANG_ENABLE_OBJC_ARC = YES;
				CLANG_WARN_BLOCK_CAPTURE_AUTORELEASING = YES;
				CLANG_WARN_BOOL_CONVERSION = YES;
				CLANG_WARN_COMMA = YES;
				CLANG_WARN_CONSTANT_CONVERSION = YES;
				CLANG_WARN_DIRECT_OBJC_ISA_USAGE = YES_ERROR;
				CLANG_WARN_DOCUMENTATION_COMMENTS = YES;
				CLANG_WARN_EMPTY_BODY = YES;
				CLANG_WARN_ENUM_CONVERSION = YES;
				CLANG_WARN_INFINITE_RECURSION = YES;
				CLANG_WARN_INT_CONVERSION = YES;
				CLANG_WARN_NON_LITERAL_NULL_CONVERSION = YES;
				CLANG_WARN_OBJC_LITERAL_CONVERSION = YES;
				CLANG_WARN_OBJC_ROOT_CLASS = YES_ERROR;
				CLANG_WARN_RANGE_LOOP_ANALYSIS = YES;
				CLANG_WARN_STRICT_PROTOTYPES = YES;
				CLANG_WARN_SUSPICIOUS_MOVE = YES;
				CLANG_WARN_UNREACHABLE_CODE = YES;
				CLANG_WARN__DUPLICATE_METHOD_MATCH = YES;
				"CODE_SIGN_IDENTITY[sdk=iphoneos*]" = "iPhone Developer";
				COPY_PHASE_STRIP = NO;
				DEBUG_INFORMATION_FORMAT = "dwarf-with-dsym";
				ENABLE_NS_ASSERTIONS = NO;
				ENABLE_STRICT_OBJC_MSGSEND = YES;
				GCC_C_LANGUAGE_STANDARD = gnu99;
				GCC_NO_COMMON_BLOCKS = YES;
				GCC_WARN_64_TO_32_BIT_CONVERSION = YES;
				GCC_WARN_ABOUT_RETURN_TYPE = YES_ERROR;
				GCC_WARN_UNDECLARED_SELECTOR = YES;
				GCC_WARN_UNINITIALIZED_AUTOS = YES_AGGRESSIVE;
				GCC_WARN_UNUSED_FUNCTION = YES;
				GCC_WARN_UNUSED_VARIABLE = YES;
				IPHONEOS_DEPLOYMENT_TARGET = 10.3;
				MTL_ENABLE_DEBUG_INFO = NO;
				SDKROOT = iphoneos;
				SWIFT_OPTIMIZATION_LEVEL = "-Owholemodule";
				VALIDATE_PRODUCT = YES;
			};
			name = Release;
		};
		79705E011F5DF4C40021606E /* Debug */ = {
			isa = XCBuildConfiguration;
			buildSettings = {
				ASSETCATALOG_COMPILER_APPICON_NAME = AppIcon;
				DEVELOPMENT_TEAM = 6CSUU74W7V;
				FRAMEWORK_SEARCH_PATHS = (
					"$(inherited)",
					"$(PROJECT_DIR)",
				);
				INFOPLIST_FILE = "Word of the day/Info.plist";
				IPHONEOS_DEPLOYMENT_TARGET = 11.0;
				LD_RUNPATH_SEARCH_PATHS = "$(inherited) @executable_path/Frameworks";
				PRODUCT_BUNDLE_IDENTIFIER = "com.tmergulhao.Word-of-the-day";
				PRODUCT_NAME = "$(TARGET_NAME)";
				SWIFT_SWIFT3_OBJC_INFERENCE = Default;
				SWIFT_VERSION = 4.0;
			};
			name = Debug;
		};
		79705E021F5DF4C40021606E /* Release */ = {
			isa = XCBuildConfiguration;
			buildSettings = {
				ASSETCATALOG_COMPILER_APPICON_NAME = AppIcon;
				DEVELOPMENT_TEAM = 6CSUU74W7V;
				FRAMEWORK_SEARCH_PATHS = (
					"$(inherited)",
					"$(PROJECT_DIR)",
				);
				INFOPLIST_FILE = "Word of the day/Info.plist";
				IPHONEOS_DEPLOYMENT_TARGET = 11.0;
				LD_RUNPATH_SEARCH_PATHS = "$(inherited) @executable_path/Frameworks";
				PRODUCT_BUNDLE_IDENTIFIER = "com.tmergulhao.Word-of-the-day";
				PRODUCT_NAME = "$(TARGET_NAME)";
				SWIFT_SWIFT3_OBJC_INFERENCE = Default;
				SWIFT_VERSION = 4.0;
			};
			name = Release;
		};
/* End XCBuildConfiguration section */

/* Begin XCConfigurationList section */
		79705DE91F5DF4C40021606E /* Build configuration list for PBXProject "Word of the day" */ = {
			isa = XCConfigurationList;
			buildConfigurations = (
				79705DFE1F5DF4C40021606E /* Debug */,
				79705DFF1F5DF4C40021606E /* Release */,
			);
			defaultConfigurationIsVisible = 0;
			defaultConfigurationName = Release;
		};
		79705E001F5DF4C40021606E /* Build configuration list for PBXNativeTarget "Word of the day" */ = {
			isa = XCConfigurationList;
			buildConfigurations = (
				79705E011F5DF4C40021606E /* Debug */,
				79705E021F5DF4C40021606E /* Release */,
			);
			defaultConfigurationIsVisible = 0;
			defaultConfigurationName = Release;
		};
/* End XCConfigurationList section */
	};
	rootObject = 79705DE61F5DF4C40021606E /* Project object */;
}
