// !$*UTF8*$!
{
	archiveVersion = 1;
	classes = {
	};
	objectVersion = 46;
	objects = {

/* Begin PBXBuildFile section */
		79705DF21F5DF4C40021606E /* AppDelegate.swift in Sources */ = {isa = PBXBuildFile; fileRef = 79705DF11F5DF4C40021606E /* AppDelegate.swift */; };
		79705DF41F5DF4C40021606E /* ViewController.swift in Sources */ = {isa = PBXBuildFile; fileRef = 79705DF31F5DF4C40021606E /* ViewController.swift */; };
		79705DF71F5DF4C40021606E /* Main.storyboard in Resources */ = {isa = PBXBuildFile; fileRef = 79705DF51F5DF4C40021606E /* Main.storyboard */; };
		79705DF91F5DF4C40021606E /* Assets.xcassets in Resources */ = {isa = PBXBuildFile; fileRef = 79705DF81F5DF4C40021606E /* Assets.xcassets */; };
		79705DFC1F5DF4C40021606E /* LaunchScreen.storyboard in Resources */ = {isa = PBXBuildFile; fileRef = 79705DFA1F5DF4C40021606E /* LaunchScreen.storyboard */; };
		79705E041F5E0F450021606E /* Word.swift in Sources */ = {isa = PBXBuildFile; fileRef = 79705E031F5E0F450021606E /* Word.swift */; };
		79705E061F5E16760021606E /* ViewController+XMLParserDelegate.swift in Sources */ = {isa = PBXBuildFile; fileRef = 79705E051F5E16760021606E /* ViewController+XMLParserDelegate.swift */; };
/* End PBXBuildFile section */

/* Begin PBXFileReference section */
		79705DEE1F5DF4C40021606E /* Word of the day.app */ = {isa = PBXFileReference; explicitFileType = wrapper.application; includeInIndex = 0; path = "Word of the day.app"; sourceTree = BUILT_PRODUCTS_DIR; };
		79705DF11F5DF4C40021606E /* AppDelegate.swift */ = {isa = PBXFileReference; lastKnownFileType = sourcecode.swift; path = AppDelegate.swift; sourceTree = "<group>"; };
		79705DF31F5DF4C40021606E /* ViewController.swift */ = {isa = PBXFileReference; lastKnownFileType = sourcecode.swift; path = ViewController.swift; sourceTree = "<group>"; };
		79705DF61F5DF4C40021606E /* Base */ = {isa = PBXFileReference; lastKnownFileType = file.storyboard; name = Base; path = Base.lproj/Main.storyboard; sourceTree = "<group>"; };
		79705DF81F5DF4C40021606E /* Assets.xcassets */ = {isa = PBXFileReference; lastKnownFileType = folder.assetcatalog; path = Assets.xcassets; sourceTree = "<group>"; };
		79705DFB1F5DF4C40021606E /* Base */ = {isa = PBXFileReference; lastKnownFileType = file.storyboard; name = Base; path = Base.lproj/LaunchScreen.storyboard; sourceTree = "<group>"; };
		79705DFD1F5DF4C40021606E /* Info.plist */ = {isa = PBXFileReference; lastKnownFileType = text.plist.xml; path = Info.plist; sourceTree = "<group>"; };
		79705E031F5E0F450021606E /* Word.swift */ = {isa = PBXFileReference; fileEncoding = 4; lastKnownFileType = sourcecode.swift; path = Word.swift; sourceTree = "<group>"; };
		79705E051F5E16760021606E /* ViewController+XMLParserDelegate.swift */ = {isa = PBXFileReference; fileEncoding = 4; lastKnownFileType = sourcecode.swift; path = "ViewController+XMLParserDelegate.swift"; sourceTree = "<group>"; };
/* End PBXFileReference section */

/* Begin PBXFrameworksBuildPhase section */
		79705DEB1F5DF4C40021606E /* Frameworks */ = {
			isa = PBXFrameworksBuildPhase;
			buildActionMask = 2147483647;
			files = (
			);
			runOnlyForDeploymentPostprocessing = 0;
		};
/* End PBXFrameworksBuildPhase section */

/* Begin PBXGroup section */
		79705DE51F5DF4C40021606E = {
			isa = PBXGroup;
			children = (
				79705DF01F5DF4C40021606E /* Word of the day */,
				79705DEF1F5DF4C40021606E /* Products */,
			);
			sourceTree = "<group>";
		};
		79705DEF1F5DF4C40021606E /* Products */ = {
			isa = PBXGroup;
			children = (
				79705DEE1F5DF4C40021606E /* Word of the day.app */,
			);
			name = Products;
			sourceTree = "<group>";
		};
		79705DF01F5DF4C40021606E /* Word of the day */ = {
			isa = PBXGroup;
			children = (
				79705DF11F5DF4C40021606E /* AppDelegate.swift */,
				79705DF31F5DF4C40021606E /* ViewController.swift */,
				79705E051F5E16760021606E /* ViewController+XMLParserDelegate.swift */,
				79705E031F5E0F450021606E /* Word.swift */,
				79705DF51F5DF4C40021606E /* Main.storyboard */,
				79705DF81F5DF4C40021606E /* Assets.xcassets */,
				79705DFA1F5DF4C40021606E /* LaunchScreen.storyboard */,
				79705DFD1F5DF4C40021606E /* Info.plist */,
			);
			path = "Word of the day";
			sourceTree = "<group>";
		};
/* End PBXGroup section */

/* Begin PBXNativeTarget section */
		79705DED1F5DF4C40021606E /* Word of the day */ = {
			isa = PBXNativeTarget;
			buildConfigurationList = 79705E001F5DF4C40021606E /* Build configuration list for PBXNativeTarget "Word of the day" */;
			buildPhases = (
				79705DEA1F5DF4C40021606E /* Sources */,
				79705DEB1F5DF4C40021606E /* Frameworks */,
				79705DEC1F5DF4C40021606E /* Resources */,
			);
			buildRules = (
			);
			dependencies = (
			);
			name = "Word of the day";
			productName = "Word of the day";
			productReference = 79705DEE1F5DF4C40021606E /* Word of the day.app */;
			productType = "com.apple.product-type.application";
		};
/* End PBXNativeTarget section */

/* Begin PBXProject section */
		79705DE61F5DF4C40021606E /* Project object */ = {
			isa = PBXProject;
			attributes = {
				LastSwiftUpdateCheck = 0830;
				LastUpgradeCheck = 0830;
				ORGANIZATIONNAME = "Tiago Mergulhão";
				TargetAttributes = {
					79705DED1F5DF4C40021606E = {
						CreatedOnToolsVersion = 8.3.3;
						ProvisioningStyle = Automatic;
					};
				};
			};
			buildConfigurationList = 79705DE91F5DF4C40021606E /* Build configuration list for PBXProject "Word of the day" */;
			compatibilityVersion = "Xcode 3.2";
			developmentRegion = English;
			hasScannedForEncodings = 0;
			knownRegions = (
				en,
				Base,
			);
			mainGroup = 79705DE51F5DF4C40021606E;
			productRefGroup = 79705DEF1F5DF4C40021606E /* Products */;
			projectDirPath = "";
			projectRoot = "";
			targets = (
				79705DED1F5DF4C40021606E /* Word of the day */,
			);
		};
/* End PBXProject section */

/* Begin PBXResourcesBuildPhase section */
		79705DEC1F5DF4C40021606E /* Resources */ = {
			isa = PBXResourcesBuildPhase;
			buildActionMask = 2147483647;
			files = (
				79705DFC1F5DF4C40021606E /* LaunchScreen.storyboard in Resources */,
				79705DF91F5DF4C40021606E /* Assets.xcassets in Resources */,
				79705DF71F5DF4C40021606E /* Main.storyboard in Resources */,
			);
			runOnlyForDeploymentPostprocessing = 0;
		};
/* End PBXResourcesBuildPhase section */

/* Begin PBXSourcesBuildPhase section */
		79705DEA1F5DF4C40021606E /* Sources */ = {
			isa = PBXSourcesBuildPhase;
			buildActionMask = 2147483647;
			files = (
				79705E061F5E16760021606E /* ViewController+XMLParserDelegate.swift in Sources */,
				79705DF41F5DF4C40021606E /* ViewController.swift in Sources */,
				79705DF21F5DF4C40021606E /* AppDelegate.swift in Sources */,
				79705E041F5E0F450021606E /* Word.swift in Sources */,
			);
			runOnlyForDeploymentPostprocessing = 0;
		};
/* End PBXSourcesBuildPhase section */

/* Begin PBXVariantGroup section */
		79705DF51F5DF4C40021606E /* Main.storyboard */ = {
			isa = PBXVariantGroup;
			children = (
				79705DF61F5DF4C40021606E /* Base */,
			);
			name = Main.storyboard;
			sourceTree = "<group>";
		};
		79705DFA1F5DF4C40021606E /* LaunchScreen.storyboard */ = {
			isa = PBXVariantGroup;
			children = (
				79705DFB1F5DF4C40021606E /* Base */,
			);
			name = LaunchScreen.storyboard;
			sourceTree = "<group>";
		};
/* End PBXVariantGroup section */

/* Begin XCBuildConfiguration section */
		79705DFE1F5DF4C40021606E /* Debug */ = {
			isa = XCBuildConfiguration;
			buildSettings = {
				ALWAYS_SEARCH_USER_PATHS = NO;
				CLANG_ANALYZER_NONNULL = YES;
				CLANG_ANALYZER_NUMBER_OBJECT_CONVERSION = YES_AGGRESSIVE;
				CLANG_CXX_LANGUAGE_STANDARD = "gnu++0x";
				CLANG_CXX_LIBRARY = "libc++";
				CLANG_ENABLE_MODULES = YES;
				CLANG_ENABLE_OBJC_ARC = YES;
				CLANG_WARN_BOOL_CONVERSION = YES;
				CLANG_WARN_CONSTANT_CONVERSION = YES;
				CLANG_WARN_DIRECT_OBJC_ISA_USAGE = YES_ERROR;
				CLANG_WARN_DOCUMENTATION_COMMENTS = YES;
				CLANG_WARN_EMPTY_BODY = YES;
				CLANG_WARN_ENUM_CONVERSION = YES;
				CLANG_WARN_INFINITE_RECURSION = YES;
				CLANG_WARN_INT_CONVERSION = YES;
				CLANG_WARN_OBJC_ROOT_CLASS = YES_ERROR;
				CLANG_WARN_SUSPICIOUS_MOVE = YES;
				CLANG_WARN_UNREACHABLE_CODE = YES;
				CLANG_WARN__DUPLICATE_METHOD_MATCH = YES;
				"CODE_SIGN_IDENTITY[sdk=iphoneos*]" = "iPhone Developer";
				COPY_PHASE_STRIP = NO;
				DEBUG_INFORMATION_FORMAT = dwarf;
				ENABLE_STRICT_OBJC_MSGSEND = YES;
				ENABLE_TESTABILITY = YES;
				GCC_C_LANGUAGE_STANDARD = gnu99;
				GCC_DYNAMIC_NO_PIC = NO;
				GCC_NO_COMMON_BLOCKS = YES;
				GCC_OPTIMIZATION_LEVEL = 0;
				GCC_PREPROCESSOR_DEFINITIONS = (
					"DEBUG=1",
					"$(inherited)",
				);
				GCC_WARN_64_TO_32_BIT_CONVERSION = YES;
				GCC_WARN_ABOUT_RETURN_TYPE = YES_ERROR;
				GCC_WARN_UNDECLARED_SELECTOR = YES;
				GCC_WARN_UNINITIALIZED_AUTOS = YES_AGGRESSIVE;
				GCC_WARN_UNUSED_FUNCTION = YES;
				GCC_WARN_UNUSED_VARIABLE = YES;
				IPHONEOS_DEPLOYMENT_TARGET = 10.3;
				MTL_ENABLE_DEBUG_INFO = YES;
				ONLY_ACTIVE_ARCH = YES;
				SDKROOT = iphoneos;
				SWIFT_ACTIVE_COMPILATION_CONDITIONS = DEBUG;
				SWIFT_OPTIMIZATION_LEVEL = "-Onone";
			};
			name = Debug;
		};
		79705DFF1F5DF4C40021606E /* Release */ = {
			isa = XCBuildConfiguration;
			buildSettings = {
				ALWAYS_SEARCH_USER_PATHS = NO;
				CLANG_ANALYZER_NONNULL = YES;
				CLANG_ANALYZER_NUMBER_OBJECT_CONVERSION = YES_AGGRESSIVE;
				CLANG_CXX_LANGUAGE_STANDARD = "gnu++0x";
				CLANG_CXX_LIBRARY = "libc++";
				CLANG_ENABLE_MODULES = YES;
				CLANG_ENABLE_OBJC_ARC = YES;
				CLANG_WARN_BOOL_CONVERSION = YES;
				CLANG_WARN_CONSTANT_CONVERSION = YES;
				CLANG_WARN_DIRECT_OBJC_ISA_USAGE = YES_ERROR;
				CLANG_WARN_DOCUMENTATION_COMMENTS = YES;
				CLANG_WARN_EMPTY_BODY = YES;
				CLANG_WARN_ENUM_CONVERSION = YES;
				CLANG_WARN_INFINITE_RECURSION = YES;
				CLANG_WARN_INT_CONVERSION = YES;
				CLANG_WARN_OBJC_ROOT_CLASS = YES_ERROR;
				CLANG_WARN_SUSPICIOUS_MOVE = YES;
				CLANG_WARN_UNREACHABLE_CODE = YES;
				CLANG_WARN__DUPLICATE_METHOD_MATCH = YES;
				"CODE_SIGN_IDENTITY[sdk=iphoneos*]" = "iPhone Developer";
				COPY_PHASE_STRIP = NO;
				DEBUG_INFORMATION_FORMAT = "dwarf-with-dsym";
				ENABLE_NS_ASSERTIONS = NO;
				ENABLE_STRICT_OBJC_MSGSEND = YES;
				GCC_C_LANGUAGE_STANDARD = gnu99;
				GCC_NO_COMMON_BLOCKS = YES;
				GCC_WARN_64_TO_32_BIT_CONVERSION = YES;
				GCC_WARN_ABOUT_RETURN_TYPE = YES_ERROR;
				GCC_WARN_UNDECLARED_SELECTOR = YES;
				GCC_WARN_UNINITIALIZED_AUTOS = YES_AGGRESSIVE;
				GCC_WARN_UNUSED_FUNCTION = YES;
				GCC_WARN_UNUSED_VARIABLE = YES;
				IPHONEOS_DEPLOYMENT_TARGET = 10.3;
				MTL_ENABLE_DEBUG_INFO = NO;
				SDKROOT = iphoneos;
				SWIFT_OPTIMIZATION_LEVEL = "-Owholemodule";
				VALIDATE_PRODUCT = YES;
			};
			name = Release;
		};
		79705E011F5DF4C40021606E /* Debug */ = {
			isa = XCBuildConfiguration;
			buildSettings = {
				ASSETCATALOG_COMPILER_APPICON_NAME = AppIcon;
				INFOPLIST_FILE = "Word of the day/Info.plist";
				LD_RUNPATH_SEARCH_PATHS = "$(inherited) @executable_path/Frameworks";
				PRODUCT_BUNDLE_IDENTIFIER = "com.tmergulhao.Word-of-the-day";
				PRODUCT_NAME = "$(TARGET_NAME)";
				SWIFT_VERSION = 3.0;
			};
			name = Debug;
		};
		79705E021F5DF4C40021606E /* Release */ = {
			isa = XCBuildConfiguration;
			buildSettings = {
				ASSETCATALOG_COMPILER_APPICON_NAME = AppIcon;
				INFOPLIST_FILE = "Word of the day/Info.plist";
				LD_RUNPATH_SEARCH_PATHS = "$(inherited) @executable_path/Frameworks";
				PRODUCT_BUNDLE_IDENTIFIER = "com.tmergulhao.Word-of-the-day";
				PRODUCT_NAME = "$(TARGET_NAME)";
				SWIFT_VERSION = 3.0;
			};
			name = Release;
		};
/* End XCBuildConfiguration section */

/* Begin XCConfigurationList section */
		79705DE91F5DF4C40021606E /* Build configuration list for PBXProject "Word of the day" */ = {
			isa = XCConfigurationList;
			buildConfigurations = (
				79705DFE1F5DF4C40021606E /* Debug */,
				79705DFF1F5DF4C40021606E /* Release */,
			);
			defaultConfigurationIsVisible = 0;
			defaultConfigurationName = Release;
		};
		79705E001F5DF4C40021606E /* Build configuration list for PBXNativeTarget "Word of the day" */ = {
			isa = XCConfigurationList;
			buildConfigurations = (
				79705E011F5DF4C40021606E /* Debug */,
				79705E021F5DF4C40021606E /* Release */,
			);
			defaultConfigurationIsVisible = 0;
		};
/* End XCConfigurationList section */
	};
	rootObject = 79705DE61F5DF4C40021606E /* Project object */;
}
